
Microsoft Visual Studio Solution File, Format Version 12.00
# Visual Studio Version 16
VisualStudioVersion = 16.0.810.10
MinimumVisualStudioVersion = 10.0.40219.1
Project("{FAE04EC0-301F-11D3-BF4B-00C04F79EFBC}") = "Methods", "Methods\Methods.csproj", "{FE675AD5-AE62-4FFC-979A-14ED78AA4B0C}"
EndProject
Global
	GlobalSection(SolutionConfigurationPlatforms) = preSolution
		Debug|Any CPU = Debug|Any CPU
		Release|Any CPU = Release|Any CPU
	EndGlobalSection
	GlobalSection(ProjectConfigurationPlatforms) = postSolution
		{FE675AD5-AE62-4FFC-979A-14ED78AA4B0C}.Debug|Any CPU.ActiveCfg = Debug|Any CPU
		{FE675AD5-AE62-4FFC-979A-14ED78AA4B0C}.Debug|Any CPU.Build.0 = Debug|Any CPU
		{FE675AD5-AE62-4FFC-979A-14ED78AA4B0C}.Release|Any CPU.ActiveCfg = Release|Any CPU
		{FE675AD5-AE62-4FFC-979A-14ED78AA4B0C}.Release|Any CPU.Build.0 = Release|Any CPU
	EndGlobalSection
	GlobalSection(SolutionProperties) = preSolution
		HideSolutionNode = FALSE
	EndGlobalSection
	GlobalSection(ExtensibilityGlobals) = postSolution
		SolutionGuid = {D668ABA8-7BEB-4055-B0FA-59EF8BE21472}
	EndGlobalSection
EndGlobal
